
Microsoft Visual Studio Solution File, Format Version 12.00
# Visual Studio Version 16
VisualStudioVersion = 16.0.29509.3
MinimumVisualStudioVersion = 10.0.40219.1
Project("{9A19103F-16F7-4668-BE54-9A1E7A4F7556}") = "AzureFunctionsDemo", "AzureFunctionsDemo\AzureFunctionsDemo.csproj", "{4D357ED1-7E44-41DE-94E1-AEF4FFD34FF3}"
EndProject
Project("{FAE04EC0-301F-11D3-BF4B-00C04F79EFBC}") = "AzureFunctionsDemoTests", "AzureFunctionsDemoTests\AzureFunctionsDemoTests.csproj", "{EF93A991-3FF5-49E9-9EBD-F387C4DD9F6C}"
EndProject
Global
	GlobalSection(SolutionConfigurationPlatforms) = preSolution
		Debug|Any CPU = Debug|Any CPU
		Release|Any CPU = Release|Any CPU
	EndGlobalSection
	GlobalSection(ProjectConfigurationPlatforms) = postSolution
		{4D357ED1-7E44-41DE-94E1-AEF4FFD34FF3}.Debug|Any CPU.ActiveCfg = Debug|Any CPU
		{4D357ED1-7E44-41DE-94E1-AEF4FFD34FF3}.Debug|Any CPU.Build.0 = Debug|Any CPU
		{4D357ED1-7E44-41DE-94E1-AEF4FFD34FF3}.Release|Any CPU.ActiveCfg = Release|Any CPU
		{4D357ED1-7E44-41DE-94E1-AEF4FFD34FF3}.Release|Any CPU.Build.0 = Release|Any CPU
		{EF93A991-3FF5-49E9-9EBD-F387C4DD9F6C}.Debug|Any CPU.ActiveCfg = Debug|Any CPU
		{EF93A991-3FF5-49E9-9EBD-F387C4DD9F6C}.Debug|Any CPU.Build.0 = Debug|Any CPU
		{EF93A991-3FF5-49E9-9EBD-F387C4DD9F6C}.Release|Any CPU.ActiveCfg = Release|Any CPU
		{EF93A991-3FF5-49E9-9EBD-F387C4DD9F6C}.Release|Any CPU.Build.0 = Release|Any CPU
	EndGlobalSection
	GlobalSection(SolutionProperties) = preSolution
		HideSolutionNode = FALSE
	EndGlobalSection
	GlobalSection(ExtensibilityGlobals) = postSolution
		SolutionGuid = {23A668B0-B086-4763-B0ED-87A55EAAF1F0}
	EndGlobalSection
EndGlobal
